
Microsoft Visual Studio Solution File, Format Version 12.00
# Visual Studio 15
VisualStudioVersion = 15.0.28010.2041
MinimumVisualStudioVersion = 10.0.40219.1
Project("{FAE04EC0-301F-11D3-BF4B-00C04F79EFBC}") = "Shakelx.Auth.IdentityServiceCenter", "Shakelx.Auth.IdentityServiceCenter\Shakelx.Auth.IdentityServiceCenter.csproj", "{A5438279-FA90-48A4-B098-71E17771D9A1}"
EndProject
Project("{FAE04EC0-301F-11D3-BF4B-00C04F79EFBC}") = "Shakelx.Auth.ClientCredentialApi", "Shakelx.Auth.ClientCredentialApi\Shakelx.Auth.ClientCredentialApi.csproj", "{790A348B-4F71-4CF0-B97C-EF3F2B4F1BE9}"
EndProject
Project("{FAE04EC0-301F-11D3-BF4B-00C04F79EFBC}") = "Shakelx.Auth.ThirdPartyDemo", "Shakelx.Auth.ThirdPartyDemo\Shakelx.Auth.ThirdPartyDemo.csproj", "{26BE43D5-EF08-426E-8197-20E9065867DF}"
EndProject
Global
	GlobalSection(SolutionConfigurationPlatforms) = preSolution
		Debug|Any CPU = Debug|Any CPU
		Release|Any CPU = Release|Any CPU
	EndGlobalSection
	GlobalSection(ProjectConfigurationPlatforms) = postSolution
		{A5438279-FA90-48A4-B098-71E17771D9A1}.Debug|Any CPU.ActiveCfg = Debug|Any CPU
		{A5438279-FA90-48A4-B098-71E17771D9A1}.Debug|Any CPU.Build.0 = Debug|Any CPU
		{A5438279-FA90-48A4-B098-71E17771D9A1}.Release|Any CPU.ActiveCfg = Release|Any CPU
		{A5438279-FA90-48A4-B098-71E17771D9A1}.Release|Any CPU.Build.0 = Release|Any CPU
		{790A348B-4F71-4CF0-B97C-EF3F2B4F1BE9}.Debug|Any CPU.ActiveCfg = Debug|Any CPU
		{790A348B-4F71-4CF0-B97C-EF3F2B4F1BE9}.Debug|Any CPU.Build.0 = Debug|Any CPU
		{790A348B-4F71-4CF0-B97C-EF3F2B4F1BE9}.Release|Any CPU.ActiveCfg = Release|Any CPU
		{790A348B-4F71-4CF0-B97C-EF3F2B4F1BE9}.Release|Any CPU.Build.0 = Release|Any CPU
		{26BE43D5-EF08-426E-8197-20E9065867DF}.Debug|Any CPU.ActiveCfg = Debug|Any CPU
		{26BE43D5-EF08-426E-8197-20E9065867DF}.Debug|Any CPU.Build.0 = Debug|Any CPU
		{26BE43D5-EF08-426E-8197-20E9065867DF}.Release|Any CPU.ActiveCfg = Release|Any CPU
		{26BE43D5-EF08-426E-8197-20E9065867DF}.Release|Any CPU.Build.0 = Release|Any CPU
	EndGlobalSection
	GlobalSection(SolutionProperties) = preSolution
		HideSolutionNode = FALSE
	EndGlobalSection
	GlobalSection(ExtensibilityGlobals) = postSolution
		SolutionGuid = {C9A3D4ED-6689-49D9-A71E-5AA8DDC6FD39}
	EndGlobalSection
EndGlobal
